// !$*UTF8*$!
{
	archiveVersion = 1;
	classes = {
	};
	objectVersion = 48;
	objects = {

/* Begin PBXBuildFile section */
		682DDDF620597B6300EC6AF9 /* AppDelegate.swift in Sources */ = {isa = PBXBuildFile; fileRef = 682DDDF520597B6300EC6AF9 /* AppDelegate.swift */; };
		682DDDF820597B6300EC6AF9 /* ViewController.swift in Sources */ = {isa = PBXBuildFile; fileRef = 682DDDF720597B6300EC6AF9 /* ViewController.swift */; };
		682DDDFB20597B6300EC6AF9 /* Main.storyboard in Resources */ = {isa = PBXBuildFile; fileRef = 682DDDF920597B6300EC6AF9 /* Main.storyboard */; };
		682DDDFD20597B6300EC6AF9 /* Assets.xcassets in Resources */ = {isa = PBXBuildFile; fileRef = 682DDDFC20597B6300EC6AF9 /* Assets.xcassets */; };
		682DDE0020597B6300EC6AF9 /* LaunchScreen.storyboard in Resources */ = {isa = PBXBuildFile; fileRef = 682DDDFE20597B6300EC6AF9 /* LaunchScreen.storyboard */; };
		682DDE0B20597B6300EC6AF9 /* SecondKadaiAppTests.swift in Sources */ = {isa = PBXBuildFile; fileRef = 682DDE0A20597B6300EC6AF9 /* SecondKadaiAppTests.swift */; };
		682DDE1620597B6300EC6AF9 /* SecondKadaiAppUITests.swift in Sources */ = {isa = PBXBuildFile; fileRef = 682DDE1520597B6300EC6AF9 /* SecondKadaiAppUITests.swift */; };
		682DDE2420597B8700EC6AF9 /* SecondViewController.swift in Sources */ = {isa = PBXBuildFile; fileRef = 682DDE2320597B8700EC6AF9 /* SecondViewController.swift */; };
/* End PBXBuildFile section */

/* Begin PBXContainerItemProxy section */
		682DDE0720597B6300EC6AF9 /* PBXContainerItemProxy */ = {
			isa = PBXContainerItemProxy;
			containerPortal = 682DDDEA20597B6300EC6AF9 /* Project object */;
			proxyType = 1;
			remoteGlobalIDString = 682DDDF120597B6300EC6AF9;
			remoteInfo = SecondKadaiApp;
		};
		682DDE1220597B6300EC6AF9 /* PBXContainerItemProxy */ = {
			isa = PBXContainerItemProxy;
			containerPortal = 682DDDEA20597B6300EC6AF9 /* Project object */;
			proxyType = 1;
			remoteGlobalIDString = 682DDDF120597B6300EC6AF9;
			remoteInfo = SecondKadaiApp;
		};
/* End PBXContainerItemProxy section */

/* Begin PBXFileReference section */
		682DDDF220597B6300EC6AF9 /* SecondKadaiApp.app */ = {isa = PBXFileReference; explicitFileType = wrapper.application; includeInIndex = 0; path = SecondKadaiApp.app; sourceTree = BUILT_PRODUCTS_DIR; };
		682DDDF520597B6300EC6AF9 /* AppDelegate.swift */ = {isa = PBXFileReference; lastKnownFileType = sourcecode.swift; path = AppDelegate.swift; sourceTree = "<group>"; };
		682DDDF720597B6300EC6AF9 /* ViewController.swift */ = {isa = PBXFileReference; lastKnownFileType = sourcecode.swift; path = ViewController.swift; sourceTree = "<group>"; };
		682DDDFA20597B6300EC6AF9 /* Base */ = {isa = PBXFileReference; lastKnownFileType = file.storyboard; name = Base; path = Base.lproj/Main.storyboard; sourceTree = "<group>"; };
		682DDDFC20597B6300EC6AF9 /* Assets.xcassets */ = {isa = PBXFileReference; lastKnownFileType = folder.assetcatalog; path = Assets.xcassets; sourceTree = "<group>"; };
		682DDDFF20597B6300EC6AF9 /* Base */ = {isa = PBXFileReference; lastKnownFileType = file.storyboard; name = Base; path = Base.lproj/LaunchScreen.storyboard; sourceTree = "<group>"; };
		682DDE0120597B6300EC6AF9 /* Info.plist */ = {isa = PBXFileReference; lastKnownFileType = text.plist.xml; path = Info.plist; sourceTree = "<group>"; };
		682DDE0620597B6300EC6AF9 /* SecondKadaiAppTests.xctest */ = {isa = PBXFileReference; explicitFileType = wrapper.cfbundle; includeInIndex = 0; path = SecondKadaiAppTests.xctest; sourceTree = BUILT_PRODUCTS_DIR; };
		682DDE0A20597B6300EC6AF9 /* SecondKadaiAppTests.swift */ = {isa = PBXFileReference; lastKnownFileType = sourcecode.swift; path = SecondKadaiAppTests.swift; sourceTree = "<group>"; };
		682DDE0C20597B6300EC6AF9 /* Info.plist */ = {isa = PBXFileReference; lastKnownFileType = text.plist.xml; path = Info.plist; sourceTree = "<group>"; };
		682DDE1120597B6300EC6AF9 /* SecondKadaiAppUITests.xctest */ = {isa = PBXFileReference; explicitFileType = wrapper.cfbundle; includeInIndex = 0; path = SecondKadaiAppUITests.xctest; sourceTree = BUILT_PRODUCTS_DIR; };
		682DDE1520597B6300EC6AF9 /* SecondKadaiAppUITests.swift */ = {isa = PBXFileReference; lastKnownFileType = sourcecode.swift; path = SecondKadaiAppUITests.swift; sourceTree = "<group>"; };
		682DDE1720597B6300EC6AF9 /* Info.plist */ = {isa = PBXFileReference; lastKnownFileType = text.plist.xml; path = Info.plist; sourceTree = "<group>"; };
		682DDE2320597B8700EC6AF9 /* SecondViewController.swift */ = {isa = PBXFileReference; lastKnownFileType = sourcecode.swift; path = SecondViewController.swift; sourceTree = "<group>"; };
/* End PBXFileReference section */

/* Begin PBXFrameworksBuildPhase section */
		682DDDEF20597B6300EC6AF9 /* Frameworks */ = {
			isa = PBXFrameworksBuildPhase;
			buildActionMask = 2147483647;
			files = (
			);
			runOnlyForDeploymentPostprocessing = 0;
		};
		682DDE0320597B6300EC6AF9 /* Frameworks */ = {
			isa = PBXFrameworksBuildPhase;
			buildActionMask = 2147483647;
			files = (
			);
			runOnlyForDeploymentPostprocessing = 0;
		};
		682DDE0E20597B6300EC6AF9 /* Frameworks */ = {
			isa = PBXFrameworksBuildPhase;
			buildActionMask = 2147483647;
			files = (
			);
			runOnlyForDeploymentPostprocessing = 0;
		};
/* End PBXFrameworksBuildPhase section */

/* Begin PBXGroup section */
		682DDDE920597B6300EC6AF9 = {
			isa = PBXGroup;
			children = (
				682DDDF420597B6300EC6AF9 /* SecondKadaiApp */,
				682DDE0920597B6300EC6AF9 /* SecondKadaiAppTests */,
				682DDE1420597B6300EC6AF9 /* SecondKadaiAppUITests */,
				682DDDF320597B6300EC6AF9 /* Products */,
			);
			sourceTree = "<group>";
		};
		682DDDF320597B6300EC6AF9 /* Products */ = {
			isa = PBXGroup;
			children = (
				682DDDF220597B6300EC6AF9 /* SecondKadaiApp.app */,
				682DDE0620597B6300EC6AF9 /* SecondKadaiAppTests.xctest */,
				682DDE1120597B6300EC6AF9 /* SecondKadaiAppUITests.xctest */,
			);
			name = Products;
			sourceTree = "<group>";
		};
		682DDDF420597B6300EC6AF9 /* SecondKadaiApp */ = {
			isa = PBXGroup;
			children = (
				682DDDF520597B6300EC6AF9 /* AppDelegate.swift */,
				682DDDF720597B6300EC6AF9 /* ViewController.swift */,
				682DDDF920597B6300EC6AF9 /* Main.storyboard */,
				682DDDFC20597B6300EC6AF9 /* Assets.xcassets */,
				682DDDFE20597B6300EC6AF9 /* LaunchScreen.storyboard */,
				682DDE0120597B6300EC6AF9 /* Info.plist */,
				682DDE2320597B8700EC6AF9 /* SecondViewController.swift */,
			);
			path = SecondKadaiApp;
			sourceTree = "<group>";
		};
		682DDE0920597B6300EC6AF9 /* SecondKadaiAppTests */ = {
			isa = PBXGroup;
			children = (
				682DDE0A20597B6300EC6AF9 /* SecondKadaiAppTests.swift */,
				682DDE0C20597B6300EC6AF9 /* Info.plist */,
			);
			path = SecondKadaiAppTests;
			sourceTree = "<group>";
		};
		682DDE1420597B6300EC6AF9 /* SecondKadaiAppUITests */ = {
			isa = PBXGroup;
			children = (
				682DDE1520597B6300EC6AF9 /* SecondKadaiAppUITests.swift */,
				682DDE1720597B6300EC6AF9 /* Info.plist */,
			);
			path = SecondKadaiAppUITests;
			sourceTree = "<group>";
		};
/* End PBXGroup section */

/* Begin PBXNativeTarget section */
		682DDDF120597B6300EC6AF9 /* SecondKadaiApp */ = {
			isa = PBXNativeTarget;
			buildConfigurationList = 682DDE1A20597B6300EC6AF9 /* Build configuration list for PBXNativeTarget "SecondKadaiApp" */;
			buildPhases = (
				682DDDEE20597B6300EC6AF9 /* Sources */,
				682DDDEF20597B6300EC6AF9 /* Frameworks */,
				682DDDF020597B6300EC6AF9 /* Resources */,
			);
			buildRules = (
			);
			dependencies = (
			);
			name = SecondKadaiApp;
			productName = SecondKadaiApp;
			productReference = 682DDDF220597B6300EC6AF9 /* SecondKadaiApp.app */;
			productType = "com.apple.product-type.application";
		};
		682DDE0520597B6300EC6AF9 /* SecondKadaiAppTests */ = {
			isa = PBXNativeTarget;
			buildConfigurationList = 682DDE1D20597B6300EC6AF9 /* Build configuration list for PBXNativeTarget "SecondKadaiAppTests" */;
			buildPhases = (
				682DDE0220597B6300EC6AF9 /* Sources */,
				682DDE0320597B6300EC6AF9 /* Frameworks */,
				682DDE0420597B6300EC6AF9 /* Resources */,
			);
			buildRules = (
			);
			dependencies = (
				682DDE0820597B6300EC6AF9 /* PBXTargetDependency */,
			);
			name = SecondKadaiAppTests;
			productName = SecondKadaiAppTests;
			productReference = 682DDE0620597B6300EC6AF9 /* SecondKadaiAppTests.xctest */;
			productType = "com.apple.product-type.bundle.unit-test";
		};
		682DDE1020597B6300EC6AF9 /* SecondKadaiAppUITests */ = {
			isa = PBXNativeTarget;
			buildConfigurationList = 682DDE2020597B6300EC6AF9 /* Build configuration list for PBXNativeTarget "SecondKadaiAppUITests" */;
			buildPhases = (
				682DDE0D20597B6300EC6AF9 /* Sources */,
				682DDE0E20597B6300EC6AF9 /* Frameworks */,
				682DDE0F20597B6300EC6AF9 /* Resources */,
			);
			buildRules = (
			);
			dependencies = (
				682DDE1320597B6300EC6AF9 /* PBXTargetDependency */,
			);
			name = SecondKadaiAppUITests;
			productName = SecondKadaiAppUITests;
			productReference = 682DDE1120597B6300EC6AF9 /* SecondKadaiAppUITests.xctest */;
			productType = "com.apple.product-type.bundle.ui-testing";
		};
/* End PBXNativeTarget section */

/* Begin PBXProject section */
		682DDDEA20597B6300EC6AF9 /* Project object */ = {
			isa = PBXProject;
			attributes = {
				LastSwiftUpdateCheck = 0920;
				LastUpgradeCheck = 0920;
				ORGANIZATIONNAME = ryuto.nakashima;
				TargetAttributes = {
					682DDDF120597B6300EC6AF9 = {
						CreatedOnToolsVersion = 9.2;
						ProvisioningStyle = Automatic;
					};
					682DDE0520597B6300EC6AF9 = {
						CreatedOnToolsVersion = 9.2;
						ProvisioningStyle = Automatic;
						TestTargetID = 682DDDF120597B6300EC6AF9;
					};
					682DDE1020597B6300EC6AF9 = {
						CreatedOnToolsVersion = 9.2;
						ProvisioningStyle = Automatic;
						TestTargetID = 682DDDF120597B6300EC6AF9;
					};
				};
			};
			buildConfigurationList = 682DDDED20597B6300EC6AF9 /* Build configuration list for PBXProject "SecondKadaiApp" */;
			compatibilityVersion = "Xcode 8.0";
			developmentRegion = en;
			hasScannedForEncodings = 0;
			knownRegions = (
				en,
				Base,
			);
			mainGroup = 682DDDE920597B6300EC6AF9;
			productRefGroup = 682DDDF320597B6300EC6AF9 /* Products */;
			projectDirPath = "";
			projectRoot = "";
			targets = (
				682DDDF120597B6300EC6AF9 /* SecondKadaiApp */,
				682DDE0520597B6300EC6AF9 /* SecondKadaiAppTests */,
				682DDE1020597B6300EC6AF9 /* SecondKadaiAppUITests */,
			);
		};
/* End PBXProject section */

/* Begin PBXResourcesBuildPhase section */
		682DDDF020597B6300EC6AF9 /* Resources */ = {
			isa = PBXResourcesBuildPhase;
			buildActionMask = 2147483647;
			files = (
				682DDE0020597B6300EC6AF9 /* LaunchScreen.storyboard in Resources */,
				682DDDFD20597B6300EC6AF9 /* Assets.xcassets in Resources */,
				682DDDFB20597B6300EC6AF9 /* Main.storyboard in Resources */,
			);
			runOnlyForDeploymentPostprocessing = 0;
		};
		682DDE0420597B6300EC6AF9 /* Resources */ = {
			isa = PBXResourcesBuildPhase;
			buildActionMask = 2147483647;
			files = (
			);
			runOnlyForDeploymentPostprocessing = 0;
		};
		682DDE0F20597B6300EC6AF9 /* Resources */ = {
			isa = PBXResourcesBuildPhase;
			buildActionMask = 2147483647;
			files = (
			);
			runOnlyForDeploymentPostprocessing = 0;
		};
/* End PBXResourcesBuildPhase section */

/* Begin PBXSourcesBuildPhase section */
		682DDDEE20597B6300EC6AF9 /* Sources */ = {
			isa = PBXSourcesBuildPhase;
			buildActionMask = 2147483647;
			files = (
				682DDDF820597B6300EC6AF9 /* ViewController.swift in Sources */,
				682DDDF620597B6300EC6AF9 /* AppDelegate.swift in Sources */,
				682DDE2420597B8700EC6AF9 /* SecondViewController.swift in Sources */,
			);
			runOnlyForDeploymentPostprocessing = 0;
		};
		682DDE0220597B6300EC6AF9 /* Sources */ = {
			isa = PBXSourcesBuildPhase;
			buildActionMask = 2147483647;
			files = (
				682DDE0B20597B6300EC6AF9 /* SecondKadaiAppTests.swift in Sources */,
			);
			runOnlyForDeploymentPostprocessing = 0;
		};
		682DDE0D20597B6300EC6AF9 /* Sources */ = {
			isa = PBXSourcesBuildPhase;
			buildActionMask = 2147483647;
			files = (
				682DDE1620597B6300EC6AF9 /* SecondKadaiAppUITests.swift in Sources */,
			);
			runOnlyForDeploymentPostprocessing = 0;
		};
/* End PBXSourcesBuildPhase section */

/* Begin PBXTargetDependency section */
		682DDE0820597B6300EC6AF9 /* PBXTargetDependency */ = {
			isa = PBXTargetDependency;
			target = 682DDDF120597B6300EC6AF9 /* SecondKadaiApp */;
			targetProxy = 682DDE0720597B6300EC6AF9 /* PBXContainerItemProxy */;
		};
		682DDE1320597B6300EC6AF9 /* PBXTargetDependency */ = {
			isa = PBXTargetDependency;
			target = 682DDDF120597B6300EC6AF9 /* SecondKadaiApp */;
			targetProxy = 682DDE1220597B6300EC6AF9 /* PBXContainerItemProxy */;
		};
/* End PBXTargetDependency section */

/* Begin PBXVariantGroup section */
		682DDDF920597B6300EC6AF9 /* Main.storyboard */ = {
			isa = PBXVariantGroup;
			children = (
				682DDDFA20597B6300EC6AF9 /* Base */,
			);
			name = Main.storyboard;
			sourceTree = "<group>";
		};
		682DDDFE20597B6300EC6AF9 /* LaunchScreen.storyboard */ = {
			isa = PBXVariantGroup;
			children = (
				682DDDFF20597B6300EC6AF9 /* Base */,
			);
			name = LaunchScreen.storyboard;
			sourceTree = "<group>";
		};
/* End PBXVariantGroup section */

/* Begin XCBuildConfiguration section */
		682DDE1820597B6300EC6AF9 /* Debug */ = {
			isa = XCBuildConfiguration;
			buildSettings = {
				ALWAYS_SEARCH_USER_PATHS = NO;
				CLANG_ANALYZER_NONNULL = YES;
				CLANG_ANALYZER_NUMBER_OBJECT_CONVERSION = YES_AGGRESSIVE;
				CLANG_CXX_LANGUAGE_STANDARD = "gnu++14";
				CLANG_CXX_LIBRARY = "libc++";
				CLANG_ENABLE_MODULES = YES;
				CLANG_ENABLE_OBJC_ARC = YES;
				CLANG_WARN_BLOCK_CAPTURE_AUTORELEASING = YES;
				CLANG_WARN_BOOL_CONVERSION = YES;
				CLANG_WARN_COMMA = YES;
				CLANG_WARN_CONSTANT_CONVERSION = YES;
				CLANG_WARN_DIRECT_OBJC_ISA_USAGE = YES_ERROR;
				CLANG_WARN_DOCUMENTATION_COMMENTS = YES;
				CLANG_WARN_EMPTY_BODY = YES;
				CLANG_WARN_ENUM_CONVERSION = YES;
				CLANG_WARN_INFINITE_RECURSION = YES;
				CLANG_WARN_INT_CONVERSION = YES;
				CLANG_WARN_NON_LITERAL_NULL_CONVERSION = YES;
				CLANG_WARN_OBJC_LITERAL_CONVERSION = YES;
				CLANG_WARN_OBJC_ROOT_CLASS = YES_ERROR;
				CLANG_WARN_RANGE_LOOP_ANALYSIS = YES;
				CLANG_WARN_STRICT_PROTOTYPES = YES;
				CLANG_WARN_SUSPICIOUS_MOVE = YES;
				CLANG_WARN_UNGUARDED_AVAILABILITY = YES_AGGRESSIVE;
				CLANG_WARN_UNREACHABLE_CODE = YES;
				CLANG_WARN__DUPLICATE_METHOD_MATCH = YES;
				CODE_SIGN_IDENTITY = "iPhone Developer";
				COPY_PHASE_STRIP = NO;
				DEBUG_INFORMATION_FORMAT = dwarf;
				ENABLE_STRICT_OBJC_MSGSEND = YES;
				ENABLE_TESTABILITY = YES;
				GCC_C_LANGUAGE_STANDARD = gnu11;
				GCC_DYNAMIC_NO_PIC = NO;
				GCC_NO_COMMON_BLOCKS = YES;
				GCC_OPTIMIZATION_LEVEL = 0;
				GCC_PREPROCESSOR_DEFINITIONS = (
					"DEBUG=1",
					"$(inherited)",
				);
				GCC_WARN_64_TO_32_BIT_CONVERSION = YES;
				GCC_WARN_ABOUT_RETURN_TYPE = YES_ERROR;
				GCC_WARN_UNDECLARED_SELECTOR = YES;
				GCC_WARN_UNINITIALIZED_AUTOS = YES_AGGRESSIVE;
				GCC_WARN_UNUSED_FUNCTION = YES;
				GCC_WARN_UNUSED_VARIABLE = YES;
				IPHONEOS_DEPLOYMENT_TARGET = 11.2;
				MTL_ENABLE_DEBUG_INFO = YES;
				ONLY_ACTIVE_ARCH = YES;
				SDKROOT = iphoneos;
				SWIFT_ACTIVE_COMPILATION_CONDITIONS = DEBUG;
				SWIFT_OPTIMIZATION_LEVEL = "-Onone";
			};
			name = Debug;
		};
		682DDE1920597B6300EC6AF9 /* Release */ = {
			isa = XCBuildConfiguration;
			buildSettings = {
				ALWAYS_SEARCH_USER_PATHS = NO;
				CLANG_ANALYZER_NONNULL = YES;
				CLANG_ANALYZER_NUMBER_OBJECT_CONVERSION = YES_AGGRESSIVE;
				CLANG_CXX_LANGUAGE_STANDARD = "gnu++14";
				CLANG_CXX_LIBRARY = "libc++";
				CLANG_ENABLE_MODULES = YES;
				CLANG_ENABLE_OBJC_ARC = YES;
				CLANG_WARN_BLOCK_CAPTURE_AUTORELEASING = YES;
				CLANG_WARN_BOOL_CONVERSION = YES;
				CLANG_WARN_COMMA = YES;
				CLANG_WARN_CONSTANT_CONVERSION = YES;
				CLANG_WARN_DIRECT_OBJC_ISA_USAGE = YES_ERROR;
				CLANG_WARN_DOCUMENTATION_COMMENTS = YES;
				CLANG_WARN_EMPTY_BODY = YES;
				CLANG_WARN_ENUM_CONVERSION = YES;
				CLANG_WARN_INFINITE_RECURSION = YES;
				CLANG_WARN_INT_CONVERSION = YES;
				CLANG_WARN_NON_LITERAL_NULL_CONVERSION = YES;
				CLANG_WARN_OBJC_LITERAL_CONVERSION = YES;
				CLANG_WARN_OBJC_ROOT_CLASS = YES_ERROR;
				CLANG_WARN_RANGE_LOOP_ANALYSIS = YES;
				CLANG_WARN_STRICT_PROTOTYPES = YES;
				CLANG_WARN_SUSPICIOUS_MOVE = YES;
				CLANG_WARN_UNGUARDED_AVAILABILITY = YES_AGGRESSIVE;
				CLANG_WARN_UNREACHABLE_CODE = YES;
				CLANG_WARN__DUPLICATE_METHOD_MATCH = YES;
				CODE_SIGN_IDENTITY = "iPhone Developer";
				COPY_PHASE_STRIP = NO;
				DEBUG_INFORMATION_FORMAT = "dwarf-with-dsym";
				ENABLE_NS_ASSERTIONS = NO;
				ENABLE_STRICT_OBJC_MSGSEND = YES;
				GCC_C_LANGUAGE_STANDARD = gnu11;
				GCC_NO_COMMON_BLOCKS = YES;
				GCC_WARN_64_TO_32_BIT_CONVERSION = YES;
				GCC_WARN_ABOUT_RETURN_TYPE = YES_ERROR;
				GCC_WARN_UNDECLARED_SELECTOR = YES;
				GCC_WARN_UNINITIALIZED_AUTOS = YES_AGGRESSIVE;
				GCC_WARN_UNUSED_FUNCTION = YES;
				GCC_WARN_UNUSED_VARIABLE = YES;
				IPHONEOS_DEPLOYMENT_TARGET = 11.2;
				MTL_ENABLE_DEBUG_INFO = NO;
				SDKROOT = iphoneos;
				SWIFT_OPTIMIZATION_LEVEL = "-Owholemodule";
				VALIDATE_PRODUCT = YES;
			};
			name = Release;
		};
		682DDE1B20597B6300EC6AF9 /* Debug */ = {
			isa = XCBuildConfiguration;
			buildSettings = {
				ASSETCATALOG_COMPILER_APPICON_NAME = AppIcon;
				CODE_SIGN_STYLE = Automatic;
				DEVELOPMENT_TEAM = KPBS627L3K;
				INFOPLIST_FILE = SecondKadaiApp/Info.plist;
				LD_RUNPATH_SEARCH_PATHS = "$(inherited) @executable_path/Frameworks";
				PRODUCT_BUNDLE_IDENTIFIER = jp.techacademy.ryuto.nakshima.SecondKadaiApp;
				PRODUCT_NAME = "$(TARGET_NAME)";
				SWIFT_VERSION = 4.0;
				TARGETED_DEVICE_FAMILY = "1,2";
			};
			name = Debug;
		};
		682DDE1C20597B6300EC6AF9 /* Release */ = {
			isa = XCBuildConfiguration;
			buildSettings = {
				ASSETCATALOG_COMPILER_APPICON_NAME = AppIcon;
				CODE_SIGN_STYLE = Automatic;
				DEVELOPMENT_TEAM = KPBS627L3K;
				INFOPLIST_FILE = SecondKadaiApp/Info.plist;
				LD_RUNPATH_SEARCH_PATHS = "$(inherited) @executable_path/Frameworks";
				PRODUCT_BUNDLE_IDENTIFIER = jp.techacademy.ryuto.nakshima.SecondKadaiApp;
				PRODUCT_NAME = "$(TARGET_NAME)";
				SWIFT_VERSION = 4.0;
				TARGETED_DEVICE_FAMILY = "1,2";
			};
			name = Release;
		};
		682DDE1E20597B6300EC6AF9 /* Debug */ = {
			isa = XCBuildConfiguration;
			buildSettings = {
				ALWAYS_EMBED_SWIFT_STANDARD_LIBRARIES = YES;
				BUNDLE_LOADER = "$(TEST_HOST)";
				CODE_SIGN_STYLE = Automatic;
				DEVELOPMENT_TEAM = KPBS627L3K;
				INFOPLIST_FILE = SecondKadaiAppTests/Info.plist;
				LD_RUNPATH_SEARCH_PATHS = "$(inherited) @executable_path/Frameworks @loader_path/Frameworks";
				PRODUCT_BUNDLE_IDENTIFIER = jp.techacademy.ryuto.nakshima.SecondKadaiAppTests;
				PRODUCT_NAME = "$(TARGET_NAME)";
				SWIFT_VERSION = 4.0;
				TARGETED_DEVICE_FAMILY = "1,2";
				TEST_HOST = "$(BUILT_PRODUCTS_DIR)/SecondKadaiApp.app/SecondKadaiApp";
			};
			name = Debug;
		};
		682DDE1F20597B6300EC6AF9 /* Release */ = {
			isa = XCBuildConfiguration;
			buildSettings = {
				ALWAYS_EMBED_SWIFT_STANDARD_LIBRARIES = YES;
				BUNDLE_LOADER = "$(TEST_HOST)";
				CODE_SIGN_STYLE = Automatic;
				DEVELOPMENT_TEAM = KPBS627L3K;
				INFOPLIST_FILE = SecondKadaiAppTests/Info.plist;
				LD_RUNPATH_SEARCH_PATHS = "$(inherited) @executable_path/Frameworks @loader_path/Frameworks";
				PRODUCT_BUNDLE_IDENTIFIER = jp.techacademy.ryuto.nakshima.SecondKadaiAppTests;
				PRODUCT_NAME = "$(TARGET_NAME)";
				SWIFT_VERSION = 4.0;
				TARGETED_DEVICE_FAMILY = "1,2";
				TEST_HOST = "$(BUILT_PRODUCTS_DIR)/SecondKadaiApp.app/SecondKadaiApp";
			};
			name = Release;
		};
		682DDE2120597B6300EC6AF9 /* Debug */ = {
			isa = XCBuildConfiguration;
			buildSettings = {
				ALWAYS_EMBED_SWIFT_STANDARD_LIBRARIES = YES;
				CODE_SIGN_STYLE = Automatic;
				DEVELOPMENT_TEAM = KPBS627L3K;
				INFOPLIST_FILE = SecondKadaiAppUITests/Info.plist;
				LD_RUNPATH_SEARCH_PATHS = "$(inherited) @executable_path/Frameworks @loader_path/Frameworks";
				PRODUCT_BUNDLE_IDENTIFIER = jp.techacademy.ryuto.nakshima.SecondKadaiAppUITests;
				PRODUCT_NAME = "$(TARGET_NAME)";
				SWIFT_VERSION = 4.0;
				TARGETED_DEVICE_FAMILY = "1,2";
				TEST_TARGET_NAME = SecondKadaiApp;
			};
			name = Debug;
		};
		682DDE2220597B6300EC6AF9 /* Release */ = {
			isa = XCBuildConfiguration;
			buildSettings = {
				ALWAYS_EMBED_SWIFT_STANDARD_LIBRARIES = YES;
				CODE_SIGN_STYLE = Automatic;
				DEVELOPMENT_TEAM = KPBS627L3K;
				INFOPLIST_FILE = SecondKadaiAppUITests/Info.plist;
				LD_RUNPATH_SEARCH_PATHS = "$(inherited) @executable_path/Frameworks @loader_path/Frameworks";
				PRODUCT_BUNDLE_IDENTIFIER = jp.techacademy.ryuto.nakshima.SecondKadaiAppUITests;
				PRODUCT_NAME = "$(TARGET_NAME)";
				SWIFT_VERSION = 4.0;
				TARGETED_DEVICE_FAMILY = "1,2";
				TEST_TARGET_NAME = SecondKadaiApp;
			};
			name = Release;
		};
/* End XCBuildConfiguration section */

/* Begin XCConfigurationList section */
		682DDDED20597B6300EC6AF9 /* Build configuration list for PBXProject "SecondKadaiApp" */ = {
			isa = XCConfigurationList;
			buildConfigurations = (
				682DDE1820597B6300EC6AF9 /* Debug */,
				682DDE1920597B6300EC6AF9 /* Release */,
			);
			defaultConfigurationIsVisible = 0;
			defaultConfigurationName = Release;
		};
		682DDE1A20597B6300EC6AF9 /* Build configuration list for PBXNativeTarget "SecondKadaiApp" */ = {
			isa = XCConfigurationList;
			buildConfigurations = (
				682DDE1B20597B6300EC6AF9 /* Debug */,
				682DDE1C20597B6300EC6AF9 /* Release */,
			);
			defaultConfigurationIsVisible = 0;
			defaultConfigurationName = Release;
		};
		682DDE1D20597B6300EC6AF9 /* Build configuration list for PBXNativeTarget "SecondKadaiAppTests" */ = {
			isa = XCConfigurationList;
			buildConfigurations = (
				682DDE1E20597B6300EC6AF9 /* Debug */,
				682DDE1F20597B6300EC6AF9 /* Release */,
			);
			defaultConfigurationIsVisible = 0;
			defaultConfigurationName = Release;
		};
		682DDE2020597B6300EC6AF9 /* Build configuration list for PBXNativeTarget "SecondKadaiAppUITests" */ = {
			isa = XCConfigurationList;
			buildConfigurations = (
				682DDE2120597B6300EC6AF9 /* Debug */,
				682DDE2220597B6300EC6AF9 /* Release */,
			);
			defaultConfigurationIsVisible = 0;
			defaultConfigurationName = Release;
		};
/* End XCConfigurationList section */
	};
	rootObject = 682DDDEA20597B6300EC6AF9 /* Project object */;
}
